// !$*UTF8*$!
{
	archiveVersion = 1;
	classes = {
	};
	objectVersion = 55;
	objects = {

/* Begin PBXBuildFile section */
		171FCBFE275F27F8000B653D /* HomeTabViewController.swift in Sources */ = {isa = PBXBuildFile; fileRef = 171FCBFD275F27F8000B653D /* HomeTabViewController.swift */; };
		171FCC00275F28C9000B653D /* DashboardViewController.swift in Sources */ = {isa = PBXBuildFile; fileRef = 171FCBFF275F28C9000B653D /* DashboardViewController.swift */; };
		171FCC02275F28DD000B653D /* OffersViewController.swift in Sources */ = {isa = PBXBuildFile; fileRef = 171FCC01275F28DD000B653D /* OffersViewController.swift */; };
		171FCC04275F28F6000B653D /* RewardsViewController.swift in Sources */ = {isa = PBXBuildFile; fileRef = 171FCC03275F28F6000B653D /* RewardsViewController.swift */; };
		171FCC06275F2925000B653D /* DiscoverViewController.swift in Sources */ = {isa = PBXBuildFile; fileRef = 171FCC05275F2925000B653D /* DiscoverViewController.swift */; };
		171FCC08275F2AA8000B653D /* WalletViewController.swift in Sources */ = {isa = PBXBuildFile; fileRef = 171FCC07275F2AA8000B653D /* WalletViewController.swift */; };
		171FCC0A275F2B4C000B653D /* Constants.swift in Sources */ = {isa = PBXBuildFile; fileRef = 171FCC09275F2B4C000B653D /* Constants.swift */; };
		171FCC31275F2D4A000B653D /* Montserrat-Black.otf in Resources */ = {isa = PBXBuildFile; fileRef = 171FCC0C275F2D49000B653D /* Montserrat-Black.otf */; };
		171FCC32275F2D4A000B653D /* MontserratAlternates-ExtraLightItalic.otf in Resources */ = {isa = PBXBuildFile; fileRef = 171FCC0D275F2D49000B653D /* MontserratAlternates-ExtraLightItalic.otf */; };
		171FCC33275F2D4A000B653D /* MontserratAlternates-ExtraBold.otf in Resources */ = {isa = PBXBuildFile; fileRef = 171FCC0E275F2D49000B653D /* MontserratAlternates-ExtraBold.otf */; };
		171FCC34275F2D4A000B653D /* MontserratAlternates-BlackItalic.otf in Resources */ = {isa = PBXBuildFile; fileRef = 171FCC0F275F2D49000B653D /* MontserratAlternates-BlackItalic.otf */; };
		171FCC35275F2D4A000B653D /* Montserrat-ExtraLightItalic.otf in Resources */ = {isa = PBXBuildFile; fileRef = 171FCC10275F2D49000B653D /* Montserrat-ExtraLightItalic.otf */; };
		171FCC36275F2D4A000B653D /* MontserratAlternates-LightItalic.otf in Resources */ = {isa = PBXBuildFile; fileRef = 171FCC11275F2D49000B653D /* MontserratAlternates-LightItalic.otf */; };
		171FCC37275F2D4A000B653D /* MontserratAlternates-ExtraLight.otf in Resources */ = {isa = PBXBuildFile; fileRef = 171FCC12275F2D49000B653D /* MontserratAlternates-ExtraLight.otf */; };
		171FCC39275F2D4A000B653D /* Montserrat-MediumItalic.otf in Resources */ = {isa = PBXBuildFile; fileRef = 171FCC14275F2D49000B653D /* Montserrat-MediumItalic.otf */; };
		171FCC3A275F2D4A000B653D /* MontserratAlternates-SemiBoldItalic.otf in Resources */ = {isa = PBXBuildFile; fileRef = 171FCC15275F2D4A000B653D /* MontserratAlternates-SemiBoldItalic.otf */; };
		171FCC3B275F2D4A000B653D /* Montserrat-SemiBoldItalic.otf in Resources */ = {isa = PBXBuildFile; fileRef = 171FCC16275F2D4A000B653D /* Montserrat-SemiBoldItalic.otf */; };
		171FCC3C275F2D4A000B653D /* Montserrat-ExtraBold.otf in Resources */ = {isa = PBXBuildFile; fileRef = 171FCC17275F2D4A000B653D /* Montserrat-ExtraBold.otf */; };
		171FCC3D275F2D4A000B653D /* Montserrat-Regular.otf in Resources */ = {isa = PBXBuildFile; fileRef = 171FCC18275F2D4A000B653D /* Montserrat-Regular.otf */; };
		171FCC3E275F2D4A000B653D /* Montserrat-Light.otf in Resources */ = {isa = PBXBuildFile; fileRef = 171FCC19275F2D4A000B653D /* Montserrat-Light.otf */; };
		171FCC3F275F2D4A000B653D /* Montserrat-Italic.otf in Resources */ = {isa = PBXBuildFile; fileRef = 171FCC1A275F2D4A000B653D /* Montserrat-Italic.otf */; };
		171FCC40275F2D4A000B653D /* Montserrat-ThinItalic.otf in Resources */ = {isa = PBXBuildFile; fileRef = 171FCC1B275F2D4A000B653D /* Montserrat-ThinItalic.otf */; };
		171FCC41275F2D4A000B653D /* Montserrat-BoldItalic.otf in Resources */ = {isa = PBXBuildFile; fileRef = 171FCC1C275F2D4A000B653D /* Montserrat-BoldItalic.otf */; };
		171FCC42275F2D4A000B653D /* Montserrat-ExtraLight.otf in Resources */ = {isa = PBXBuildFile; fileRef = 171FCC1D275F2D4A000B653D /* Montserrat-ExtraLight.otf */; };
		171FCC43275F2D4A000B653D /* Montserrat-Bold.otf in Resources */ = {isa = PBXBuildFile; fileRef = 171FCC1E275F2D4A000B653D /* Montserrat-Bold.otf */; };
		171FCC44275F2D4A000B653D /* MontserratAlternates-MediumItalic.otf in Resources */ = {isa = PBXBuildFile; fileRef = 171FCC1F275F2D4A000B653D /* MontserratAlternates-MediumItalic.otf */; };
		171FCC45275F2D4A000B653D /* Montserrat-ExtraBoldItalic.otf in Resources */ = {isa = PBXBuildFile; fileRef = 171FCC20275F2D4A000B653D /* Montserrat-ExtraBoldItalic.otf */; };
		171FCC46275F2D4A000B653D /* MontserratAlternates-ExtraBoldItalic.otf in Resources */ = {isa = PBXBuildFile; fileRef = 171FCC21275F2D4A000B653D /* MontserratAlternates-ExtraBoldItalic.otf */; };
		171FCC47275F2D4A000B653D /* Montserrat-BlackItalic.otf in Resources */ = {isa = PBXBuildFile; fileRef = 171FCC22275F2D4A000B653D /* Montserrat-BlackItalic.otf */; };
		171FCC48275F2D4A000B653D /* Montserrat-LightItalic.otf in Resources */ = {isa = PBXBuildFile; fileRef = 171FCC23275F2D4A000B653D /* Montserrat-LightItalic.otf */; };
		171FCC49275F2D4A000B653D /* MontserratAlternates-Bold.otf in Resources */ = {isa = PBXBuildFile; fileRef = 171FCC24275F2D4A000B653D /* MontserratAlternates-Bold.otf */; };
		171FCC4A275F2D4A000B653D /* MontserratAlternates-SemiBold.otf in Resources */ = {isa = PBXBuildFile; fileRef = 171FCC25275F2D4A000B653D /* MontserratAlternates-SemiBold.otf */; };
		171FCC4B275F2D4A000B653D /* MontserratAlternates-Italic.otf in Resources */ = {isa = PBXBuildFile; fileRef = 171FCC26275F2D4A000B653D /* MontserratAlternates-Italic.otf */; };
		171FCC4C275F2D4A000B653D /* Montserrat-Thin.otf in Resources */ = {isa = PBXBuildFile; fileRef = 171FCC27275F2D4A000B653D /* Montserrat-Thin.otf */; };
		171FCC4D275F2D4A000B653D /* MontserratAlternates-Regular.otf in Resources */ = {isa = PBXBuildFile; fileRef = 171FCC28275F2D4A000B653D /* MontserratAlternates-Regular.otf */; };
		171FCC4E275F2D4A000B653D /* MontserratAlternates-Medium.otf in Resources */ = {isa = PBXBuildFile; fileRef = 171FCC29275F2D4A000B653D /* MontserratAlternates-Medium.otf */; };
		171FCC4F275F2D4A000B653D /* Montserrat-Medium.otf in Resources */ = {isa = PBXBuildFile; fileRef = 171FCC2A275F2D4A000B653D /* Montserrat-Medium.otf */; };
		171FCC50275F2D4A000B653D /* Montserrat-SemiBold.otf in Resources */ = {isa = PBXBuildFile; fileRef = 171FCC2B275F2D4A000B653D /* Montserrat-SemiBold.otf */; };
		171FCC51275F2D4A000B653D /* MontserratAlternates-ThinItalic.otf in Resources */ = {isa = PBXBuildFile; fileRef = 171FCC2C275F2D4A000B653D /* MontserratAlternates-ThinItalic.otf */; };
		171FCC52275F2D4A000B653D /* MontserratAlternates-Light.otf in Resources */ = {isa = PBXBuildFile; fileRef = 171FCC2D275F2D4A000B653D /* MontserratAlternates-Light.otf */; };
		171FCC53275F2D4A000B653D /* MontserratAlternates-Thin.otf in Resources */ = {isa = PBXBuildFile; fileRef = 171FCC2E275F2D4A000B653D /* MontserratAlternates-Thin.otf */; };
		171FCC54275F2D4A000B653D /* MontserratAlternates-Black.otf in Resources */ = {isa = PBXBuildFile; fileRef = 171FCC2F275F2D4A000B653D /* MontserratAlternates-Black.otf */; };
		171FCC55275F2D4A000B653D /* MontserratAlternates-BoldItalic.otf in Resources */ = {isa = PBXBuildFile; fileRef = 171FCC30275F2D4A000B653D /* MontserratAlternates-BoldItalic.otf */; };
		17769C7427608C3900F472EF /* Offers.storyboard in Resources */ = {isa = PBXBuildFile; fileRef = 17769C7327608C3900F472EF /* Offers.storyboard */; };
		178E5B782758ACBC00AB6C16 /* AppDelegate.swift in Sources */ = {isa = PBXBuildFile; fileRef = 178E5B772758ACBC00AB6C16 /* AppDelegate.swift */; };
		178E5B7A2758ACBC00AB6C16 /* SceneDelegate.swift in Sources */ = {isa = PBXBuildFile; fileRef = 178E5B792758ACBC00AB6C16 /* SceneDelegate.swift */; };
		178E5B7C2758ACBC00AB6C16 /* ViewController.swift in Sources */ = {isa = PBXBuildFile; fileRef = 178E5B7B2758ACBC00AB6C16 /* ViewController.swift */; };
		178E5B7F2758ACBC00AB6C16 /* Main.storyboard in Resources */ = {isa = PBXBuildFile; fileRef = 178E5B7D2758ACBC00AB6C16 /* Main.storyboard */; };
		178E5B812758ACBD00AB6C16 /* Assets.xcassets in Resources */ = {isa = PBXBuildFile; fileRef = 178E5B802758ACBD00AB6C16 /* Assets.xcassets */; };
		178E5B842758ACBD00AB6C16 /* LaunchScreen.storyboard in Resources */ = {isa = PBXBuildFile; fileRef = 178E5B822758ACBD00AB6C16 /* LaunchScreen.storyboard */; };
		178E5B8F2758ACBD00AB6C16 /* Hi5Tests.swift in Sources */ = {isa = PBXBuildFile; fileRef = 178E5B8E2758ACBD00AB6C16 /* Hi5Tests.swift */; };
		178E5B992758ACBD00AB6C16 /* Hi5UITests.swift in Sources */ = {isa = PBXBuildFile; fileRef = 178E5B982758ACBD00AB6C16 /* Hi5UITests.swift */; };
		178E5B9B2758ACBD00AB6C16 /* Hi5UITestsLaunchTests.swift in Sources */ = {isa = PBXBuildFile; fileRef = 178E5B9A2758ACBD00AB6C16 /* Hi5UITestsLaunchTests.swift */; };
		178E5BA82758B17400AB6C16 /* signIn.storyboard in Resources */ = {isa = PBXBuildFile; fileRef = 178E5BA72758B17400AB6C16 /* signIn.storyboard */; };
		178E5BAC2759093700AB6C16 /* OTP.storyboard in Resources */ = {isa = PBXBuildFile; fileRef = 178E5BAB2759093700AB6C16 /* OTP.storyboard */; };
		178E5BAF2759106900AB6C16 /* Profile.storyboard in Resources */ = {isa = PBXBuildFile; fileRef = 178E5BAE2759106900AB6C16 /* Profile.storyboard */; };
		298F165527611ADB009272EB /* WalletTVCell.swift in Sources */ = {isa = PBXBuildFile; fileRef = 298F165327611ADB009272EB /* WalletTVCell.swift */; };
		298F165627611ADB009272EB /* WalletTVCell.xib in Resources */ = {isa = PBXBuildFile; fileRef = 298F165427611ADB009272EB /* WalletTVCell.xib */; };
		29BC2D22275FB9C100CF013E /* DealsCVCell.swift in Sources */ = {isa = PBXBuildFile; fileRef = 29BC2D20275FB9C100CF013E /* DealsCVCell.swift */; };
		29BC2D23275FB9C100CF013E /* DealsCVCell.xib in Resources */ = {isa = PBXBuildFile; fileRef = 29BC2D21275FB9C100CF013E /* DealsCVCell.xib */; };
		29BC2D26275FBCE700CF013E /* UITableView_EXT.swift in Sources */ = {isa = PBXBuildFile; fileRef = 29BC2D25275FBCE700CF013E /* UITableView_EXT.swift */; };
		29BC2D28275FBCEF00CF013E /* NibLoadable.swift in Sources */ = {isa = PBXBuildFile; fileRef = 29BC2D27275FBCEF00CF013E /* NibLoadable.swift */; };
		29BC2D2B275FC37C00CF013E /* DealsTVCell.swift in Sources */ = {isa = PBXBuildFile; fileRef = 29BC2D29275FC37C00CF013E /* DealsTVCell.swift */; };
		29BC2D2C275FC37C00CF013E /* DealsTVCell.xib in Resources */ = {isa = PBXBuildFile; fileRef = 29BC2D2A275FC37C00CF013E /* DealsTVCell.xib */; };
		29BC2D2E275FC8C200CF013E /* UIView+Ext.swift in Sources */ = {isa = PBXBuildFile; fileRef = 29BC2D2D275FC8C200CF013E /* UIView+Ext.swift */; };
		29BC2D31275FE48500CF013E /* RewardsTVCell.swift in Sources */ = {isa = PBXBuildFile; fileRef = 29BC2D2F275FE48500CF013E /* RewardsTVCell.swift */; };
		29BC2D32275FE48500CF013E /* RewardsTVCell.xib in Resources */ = {isa = PBXBuildFile; fileRef = 29BC2D30275FE48500CF013E /* RewardsTVCell.xib */; };
		29BC2D35275FE9E000CF013E /* RedeemPointTVCell.swift in Sources */ = {isa = PBXBuildFile; fileRef = 29BC2D33275FE9E000CF013E /* RedeemPointTVCell.swift */; };
		29BC2D36275FE9E000CF013E /* RedeemPointTVCell.xib in Resources */ = {isa = PBXBuildFile; fileRef = 29BC2D34275FE9E000CF013E /* RedeemPointTVCell.xib */; };
		29D05D0E2760523000AC211B /* ReedemPointVC.swift in Sources */ = {isa = PBXBuildFile; fileRef = 29D05D0D2760523000AC211B /* ReedemPointVC.swift */; };
		29D05D10276056D600AC211B /* FavouriteVC.swift in Sources */ = {isa = PBXBuildFile; fileRef = 29D05D0F276056D600AC211B /* FavouriteVC.swift */; };
		FECBBEC2275948C700E4AB54 /* signInViewController.swift in Sources */ = {isa = PBXBuildFile; fileRef = FECBBEC1275948C700E4AB54 /* signInViewController.swift */; };
		FECBBEC427594C6A00E4AB54 /* ProfileViewController.swift in Sources */ = {isa = PBXBuildFile; fileRef = FECBBEC327594C6A00E4AB54 /* ProfileViewController.swift */; };
/* End PBXBuildFile section */

/* Begin PBXContainerItemProxy section */
		178E5B8B2758ACBD00AB6C16 /* PBXContainerItemProxy */ = {
			isa = PBXContainerItemProxy;
			containerPortal = 178E5B6C2758ACBC00AB6C16 /* Project object */;
			proxyType = 1;
			remoteGlobalIDString = 178E5B732758ACBC00AB6C16;
			remoteInfo = Hi5;
		};
		178E5B952758ACBD00AB6C16 /* PBXContainerItemProxy */ = {
			isa = PBXContainerItemProxy;
			containerPortal = 178E5B6C2758ACBC00AB6C16 /* Project object */;
			proxyType = 1;
			remoteGlobalIDString = 178E5B732758ACBC00AB6C16;
			remoteInfo = Hi5;
		};
/* End PBXContainerItemProxy section */

/* Begin PBXFileReference section */
		171FCBFD275F27F8000B653D /* HomeTabViewController.swift */ = {isa = PBXFileReference; lastKnownFileType = sourcecode.swift; path = HomeTabViewController.swift; sourceTree = "<group>"; };
		171FCBFF275F28C9000B653D /* DashboardViewController.swift */ = {isa = PBXFileReference; lastKnownFileType = sourcecode.swift; path = DashboardViewController.swift; sourceTree = "<group>"; };
		171FCC01275F28DD000B653D /* OffersViewController.swift */ = {isa = PBXFileReference; lastKnownFileType = sourcecode.swift; path = OffersViewController.swift; sourceTree = "<group>"; };
		171FCC03275F28F6000B653D /* RewardsViewController.swift */ = {isa = PBXFileReference; lastKnownFileType = sourcecode.swift; path = RewardsViewController.swift; sourceTree = "<group>"; };
		171FCC05275F2925000B653D /* DiscoverViewController.swift */ = {isa = PBXFileReference; lastKnownFileType = sourcecode.swift; path = DiscoverViewController.swift; sourceTree = "<group>"; };
		171FCC07275F2AA8000B653D /* WalletViewController.swift */ = {isa = PBXFileReference; lastKnownFileType = sourcecode.swift; path = WalletViewController.swift; sourceTree = "<group>"; };
		171FCC09275F2B4C000B653D /* Constants.swift */ = {isa = PBXFileReference; lastKnownFileType = sourcecode.swift; path = Constants.swift; sourceTree = "<group>"; };
		171FCC0C275F2D49000B653D /* Montserrat-Black.otf */ = {isa = PBXFileReference; lastKnownFileType = file; path = "Montserrat-Black.otf"; sourceTree = "<group>"; };
		171FCC0D275F2D49000B653D /* MontserratAlternates-ExtraLightItalic.otf */ = {isa = PBXFileReference; lastKnownFileType = file; path = "MontserratAlternates-ExtraLightItalic.otf"; sourceTree = "<group>"; };
		171FCC0E275F2D49000B653D /* MontserratAlternates-ExtraBold.otf */ = {isa = PBXFileReference; lastKnownFileType = file; path = "MontserratAlternates-ExtraBold.otf"; sourceTree = "<group>"; };
		171FCC0F275F2D49000B653D /* MontserratAlternates-BlackItalic.otf */ = {isa = PBXFileReference; lastKnownFileType = file; path = "MontserratAlternates-BlackItalic.otf"; sourceTree = "<group>"; };
		171FCC10275F2D49000B653D /* Montserrat-ExtraLightItalic.otf */ = {isa = PBXFileReference; lastKnownFileType = file; path = "Montserrat-ExtraLightItalic.otf"; sourceTree = "<group>"; };
		171FCC11275F2D49000B653D /* MontserratAlternates-LightItalic.otf */ = {isa = PBXFileReference; lastKnownFileType = file; path = "MontserratAlternates-LightItalic.otf"; sourceTree = "<group>"; };
		171FCC12275F2D49000B653D /* MontserratAlternates-ExtraLight.otf */ = {isa = PBXFileReference; lastKnownFileType = file; path = "MontserratAlternates-ExtraLight.otf"; sourceTree = "<group>"; };
		171FCC14275F2D49000B653D /* Montserrat-MediumItalic.otf */ = {isa = PBXFileReference; lastKnownFileType = file; path = "Montserrat-MediumItalic.otf"; sourceTree = "<group>"; };
		171FCC15275F2D4A000B653D /* MontserratAlternates-SemiBoldItalic.otf */ = {isa = PBXFileReference; lastKnownFileType = file; path = "MontserratAlternates-SemiBoldItalic.otf"; sourceTree = "<group>"; };
		171FCC16275F2D4A000B653D /* Montserrat-SemiBoldItalic.otf */ = {isa = PBXFileReference; lastKnownFileType = file; path = "Montserrat-SemiBoldItalic.otf"; sourceTree = "<group>"; };
		171FCC17275F2D4A000B653D /* Montserrat-ExtraBold.otf */ = {isa = PBXFileReference; lastKnownFileType = file; path = "Montserrat-ExtraBold.otf"; sourceTree = "<group>"; };
		171FCC18275F2D4A000B653D /* Montserrat-Regular.otf */ = {isa = PBXFileReference; lastKnownFileType = file; path = "Montserrat-Regular.otf"; sourceTree = "<group>"; };
		171FCC19275F2D4A000B653D /* Montserrat-Light.otf */ = {isa = PBXFileReference; lastKnownFileType = file; path = "Montserrat-Light.otf"; sourceTree = "<group>"; };
		171FCC1A275F2D4A000B653D /* Montserrat-Italic.otf */ = {isa = PBXFileReference; lastKnownFileType = file; path = "Montserrat-Italic.otf"; sourceTree = "<group>"; };
		171FCC1B275F2D4A000B653D /* Montserrat-ThinItalic.otf */ = {isa = PBXFileReference; lastKnownFileType = file; path = "Montserrat-ThinItalic.otf"; sourceTree = "<group>"; };
		171FCC1C275F2D4A000B653D /* Montserrat-BoldItalic.otf */ = {isa = PBXFileReference; lastKnownFileType = file; path = "Montserrat-BoldItalic.otf"; sourceTree = "<group>"; };
		171FCC1D275F2D4A000B653D /* Montserrat-ExtraLight.otf */ = {isa = PBXFileReference; lastKnownFileType = file; path = "Montserrat-ExtraLight.otf"; sourceTree = "<group>"; };
		171FCC1E275F2D4A000B653D /* Montserrat-Bold.otf */ = {isa = PBXFileReference; lastKnownFileType = file; path = "Montserrat-Bold.otf"; sourceTree = "<group>"; };
		171FCC1F275F2D4A000B653D /* MontserratAlternates-MediumItalic.otf */ = {isa = PBXFileReference; lastKnownFileType = file; path = "MontserratAlternates-MediumItalic.otf"; sourceTree = "<group>"; };
		171FCC20275F2D4A000B653D /* Montserrat-ExtraBoldItalic.otf */ = {isa = PBXFileReference; lastKnownFileType = file; path = "Montserrat-ExtraBoldItalic.otf"; sourceTree = "<group>"; };
		171FCC21275F2D4A000B653D /* MontserratAlternates-ExtraBoldItalic.otf */ = {isa = PBXFileReference; lastKnownFileType = file; path = "MontserratAlternates-ExtraBoldItalic.otf"; sourceTree = "<group>"; };
		171FCC22275F2D4A000B653D /* Montserrat-BlackItalic.otf */ = {isa = PBXFileReference; lastKnownFileType = file; path = "Montserrat-BlackItalic.otf"; sourceTree = "<group>"; };
		171FCC23275F2D4A000B653D /* Montserrat-LightItalic.otf */ = {isa = PBXFileReference; lastKnownFileType = file; path = "Montserrat-LightItalic.otf"; sourceTree = "<group>"; };
		171FCC24275F2D4A000B653D /* MontserratAlternates-Bold.otf */ = {isa = PBXFileReference; lastKnownFileType = file; path = "MontserratAlternates-Bold.otf"; sourceTree = "<group>"; };
		171FCC25275F2D4A000B653D /* MontserratAlternates-SemiBold.otf */ = {isa = PBXFileReference; lastKnownFileType = file; path = "MontserratAlternates-SemiBold.otf"; sourceTree = "<group>"; };
		171FCC26275F2D4A000B653D /* MontserratAlternates-Italic.otf */ = {isa = PBXFileReference; lastKnownFileType = file; path = "MontserratAlternates-Italic.otf"; sourceTree = "<group>"; };
		171FCC27275F2D4A000B653D /* Montserrat-Thin.otf */ = {isa = PBXFileReference; lastKnownFileType = file; path = "Montserrat-Thin.otf"; sourceTree = "<group>"; };
		171FCC28275F2D4A000B653D /* MontserratAlternates-Regular.otf */ = {isa = PBXFileReference; lastKnownFileType = file; path = "MontserratAlternates-Regular.otf"; sourceTree = "<group>"; };
		171FCC29275F2D4A000B653D /* MontserratAlternates-Medium.otf */ = {isa = PBXFileReference; lastKnownFileType = file; path = "MontserratAlternates-Medium.otf"; sourceTree = "<group>"; };
		171FCC2A275F2D4A000B653D /* Montserrat-Medium.otf */ = {isa = PBXFileReference; lastKnownFileType = file; path = "Montserrat-Medium.otf"; sourceTree = "<group>"; };
		171FCC2B275F2D4A000B653D /* Montserrat-SemiBold.otf */ = {isa = PBXFileReference; lastKnownFileType = file; path = "Montserrat-SemiBold.otf"; sourceTree = "<group>"; };
		171FCC2C275F2D4A000B653D /* MontserratAlternates-ThinItalic.otf */ = {isa = PBXFileReference; lastKnownFileType = file; path = "MontserratAlternates-ThinItalic.otf"; sourceTree = "<group>"; };
		171FCC2D275F2D4A000B653D /* MontserratAlternates-Light.otf */ = {isa = PBXFileReference; lastKnownFileType = file; path = "MontserratAlternates-Light.otf"; sourceTree = "<group>"; };
		171FCC2E275F2D4A000B653D /* MontserratAlternates-Thin.otf */ = {isa = PBXFileReference; lastKnownFileType = file; path = "MontserratAlternates-Thin.otf"; sourceTree = "<group>"; };
		171FCC2F275F2D4A000B653D /* MontserratAlternates-Black.otf */ = {isa = PBXFileReference; lastKnownFileType = file; path = "MontserratAlternates-Black.otf"; sourceTree = "<group>"; };
		171FCC30275F2D4A000B653D /* MontserratAlternates-BoldItalic.otf */ = {isa = PBXFileReference; lastKnownFileType = file; path = "MontserratAlternates-BoldItalic.otf"; sourceTree = "<group>"; };
		17769C7327608C3900F472EF /* Offers.storyboard */ = {isa = PBXFileReference; lastKnownFileType = file.storyboard; path = Offers.storyboard; sourceTree = "<group>"; };
		178E5B742758ACBC00AB6C16 /* Hi5.app */ = {isa = PBXFileReference; explicitFileType = wrapper.application; includeInIndex = 0; path = Hi5.app; sourceTree = BUILT_PRODUCTS_DIR; };
		178E5B772758ACBC00AB6C16 /* AppDelegate.swift */ = {isa = PBXFileReference; lastKnownFileType = sourcecode.swift; path = AppDelegate.swift; sourceTree = "<group>"; };
		178E5B792758ACBC00AB6C16 /* SceneDelegate.swift */ = {isa = PBXFileReference; lastKnownFileType = sourcecode.swift; path = SceneDelegate.swift; sourceTree = "<group>"; };
		178E5B7B2758ACBC00AB6C16 /* ViewController.swift */ = {isa = PBXFileReference; lastKnownFileType = sourcecode.swift; path = ViewController.swift; sourceTree = "<group>"; };
		178E5B7E2758ACBC00AB6C16 /* Base */ = {isa = PBXFileReference; lastKnownFileType = file.storyboard; name = Base; path = Base.lproj/Main.storyboard; sourceTree = "<group>"; };
		178E5B802758ACBD00AB6C16 /* Assets.xcassets */ = {isa = PBXFileReference; lastKnownFileType = folder.assetcatalog; path = Assets.xcassets; sourceTree = "<group>"; };
		178E5B832758ACBD00AB6C16 /* Base */ = {isa = PBXFileReference; lastKnownFileType = file.storyboard; name = Base; path = Base.lproj/LaunchScreen.storyboard; sourceTree = "<group>"; };
		178E5B852758ACBD00AB6C16 /* Info.plist */ = {isa = PBXFileReference; lastKnownFileType = text.plist.xml; path = Info.plist; sourceTree = "<group>"; };
		178E5B8A2758ACBD00AB6C16 /* Hi5Tests.xctest */ = {isa = PBXFileReference; explicitFileType = wrapper.cfbundle; includeInIndex = 0; path = Hi5Tests.xctest; sourceTree = BUILT_PRODUCTS_DIR; };
		178E5B8E2758ACBD00AB6C16 /* Hi5Tests.swift */ = {isa = PBXFileReference; lastKnownFileType = sourcecode.swift; path = Hi5Tests.swift; sourceTree = "<group>"; };
		178E5B942758ACBD00AB6C16 /* Hi5UITests.xctest */ = {isa = PBXFileReference; explicitFileType = wrapper.cfbundle; includeInIndex = 0; path = Hi5UITests.xctest; sourceTree = BUILT_PRODUCTS_DIR; };
		178E5B982758ACBD00AB6C16 /* Hi5UITests.swift */ = {isa = PBXFileReference; lastKnownFileType = sourcecode.swift; path = Hi5UITests.swift; sourceTree = "<group>"; };
		178E5B9A2758ACBD00AB6C16 /* Hi5UITestsLaunchTests.swift */ = {isa = PBXFileReference; lastKnownFileType = sourcecode.swift; path = Hi5UITestsLaunchTests.swift; sourceTree = "<group>"; };
		178E5BA72758B17400AB6C16 /* signIn.storyboard */ = {isa = PBXFileReference; lastKnownFileType = file.storyboard; path = signIn.storyboard; sourceTree = "<group>"; };
		178E5BAB2759093700AB6C16 /* OTP.storyboard */ = {isa = PBXFileReference; lastKnownFileType = file.storyboard; path = OTP.storyboard; sourceTree = "<group>"; };
		178E5BAE2759106900AB6C16 /* Profile.storyboard */ = {isa = PBXFileReference; lastKnownFileType = file.storyboard; path = Profile.storyboard; sourceTree = "<group>"; };
		298F165327611ADB009272EB /* WalletTVCell.swift */ = {isa = PBXFileReference; lastKnownFileType = sourcecode.swift; path = WalletTVCell.swift; sourceTree = "<group>"; };
		298F165427611ADB009272EB /* WalletTVCell.xib */ = {isa = PBXFileReference; lastKnownFileType = file.xib; path = WalletTVCell.xib; sourceTree = "<group>"; };
		29BC2D20275FB9C100CF013E /* DealsCVCell.swift */ = {isa = PBXFileReference; lastKnownFileType = sourcecode.swift; path = DealsCVCell.swift; sourceTree = "<group>"; };
		29BC2D21275FB9C100CF013E /* DealsCVCell.xib */ = {isa = PBXFileReference; lastKnownFileType = file.xib; path = DealsCVCell.xib; sourceTree = "<group>"; };
		29BC2D25275FBCE700CF013E /* UITableView_EXT.swift */ = {isa = PBXFileReference; fileEncoding = 4; lastKnownFileType = sourcecode.swift; path = UITableView_EXT.swift; sourceTree = "<group>"; };
		29BC2D27275FBCEF00CF013E /* NibLoadable.swift */ = {isa = PBXFileReference; fileEncoding = 4; lastKnownFileType = sourcecode.swift; path = NibLoadable.swift; sourceTree = "<group>"; };
		29BC2D29275FC37C00CF013E /* DealsTVCell.swift */ = {isa = PBXFileReference; lastKnownFileType = sourcecode.swift; path = DealsTVCell.swift; sourceTree = "<group>"; };
		29BC2D2A275FC37C00CF013E /* DealsTVCell.xib */ = {isa = PBXFileReference; lastKnownFileType = file.xib; path = DealsTVCell.xib; sourceTree = "<group>"; };
		29BC2D2D275FC8C200CF013E /* UIView+Ext.swift */ = {isa = PBXFileReference; fileEncoding = 4; lastKnownFileType = sourcecode.swift; path = "UIView+Ext.swift"; sourceTree = "<group>"; };
		29BC2D2F275FE48500CF013E /* RewardsTVCell.swift */ = {isa = PBXFileReference; lastKnownFileType = sourcecode.swift; path = RewardsTVCell.swift; sourceTree = "<group>"; };
		29BC2D30275FE48500CF013E /* RewardsTVCell.xib */ = {isa = PBXFileReference; lastKnownFileType = file.xib; path = RewardsTVCell.xib; sourceTree = "<group>"; };
		29BC2D33275FE9E000CF013E /* RedeemPointTVCell.swift */ = {isa = PBXFileReference; lastKnownFileType = sourcecode.swift; path = RedeemPointTVCell.swift; sourceTree = "<group>"; };
		29BC2D34275FE9E000CF013E /* RedeemPointTVCell.xib */ = {isa = PBXFileReference; lastKnownFileType = file.xib; path = RedeemPointTVCell.xib; sourceTree = "<group>"; };
		29D05D0D2760523000AC211B /* ReedemPointVC.swift */ = {isa = PBXFileReference; lastKnownFileType = sourcecode.swift; path = ReedemPointVC.swift; sourceTree = "<group>"; };
		29D05D0F276056D600AC211B /* FavouriteVC.swift */ = {isa = PBXFileReference; lastKnownFileType = sourcecode.swift; path = FavouriteVC.swift; sourceTree = "<group>"; };
		FECBBEC1275948C700E4AB54 /* signInViewController.swift */ = {isa = PBXFileReference; lastKnownFileType = sourcecode.swift; path = signInViewController.swift; sourceTree = "<group>"; };
		FECBBEC327594C6A00E4AB54 /* ProfileViewController.swift */ = {isa = PBXFileReference; lastKnownFileType = sourcecode.swift; path = ProfileViewController.swift; sourceTree = "<group>"; };
/* End PBXFileReference section */

/* Begin PBXFrameworksBuildPhase section */
		178E5B712758ACBC00AB6C16 /* Frameworks */ = {
			isa = PBXFrameworksBuildPhase;
			buildActionMask = 2147483647;
			files = (
			);
			runOnlyForDeploymentPostprocessing = 0;
		};
		178E5B872758ACBD00AB6C16 /* Frameworks */ = {
			isa = PBXFrameworksBuildPhase;
			buildActionMask = 2147483647;
			files = (
			);
			runOnlyForDeploymentPostprocessing = 0;
		};
		178E5B912758ACBD00AB6C16 /* Frameworks */ = {
			isa = PBXFrameworksBuildPhase;
			buildActionMask = 2147483647;
			files = (
			);
			runOnlyForDeploymentPostprocessing = 0;
		};
/* End PBXFrameworksBuildPhase section */

/* Begin PBXGroup section */
		171FCBFC275F27BF000B653D /* Home */ = {
			isa = PBXGroup;
			children = (
				171FCBFD275F27F8000B653D /* HomeTabViewController.swift */,
				171FCBFF275F28C9000B653D /* DashboardViewController.swift */,
				171FCC01275F28DD000B653D /* OffersViewController.swift */,
				171FCC03275F28F6000B653D /* RewardsViewController.swift */,
				171FCC05275F2925000B653D /* DiscoverViewController.swift */,
				171FCC07275F2AA8000B653D /* WalletViewController.swift */,
				29D05D0D2760523000AC211B /* ReedemPointVC.swift */,
				29D05D0F276056D600AC211B /* FavouriteVC.swift */,
			);
			path = Home;
			sourceTree = "<group>";
		};
		171FCC0B275F2D2A000B653D /* Fonts */ = {
			isa = PBXGroup;
			children = (
				171FCC0C275F2D49000B653D /* Montserrat-Black.otf */,
				171FCC22275F2D4A000B653D /* Montserrat-BlackItalic.otf */,
				171FCC1E275F2D4A000B653D /* Montserrat-Bold.otf */,
				171FCC1C275F2D4A000B653D /* Montserrat-BoldItalic.otf */,
				171FCC17275F2D4A000B653D /* Montserrat-ExtraBold.otf */,
				171FCC20275F2D4A000B653D /* Montserrat-ExtraBoldItalic.otf */,
				171FCC1D275F2D4A000B653D /* Montserrat-ExtraLight.otf */,
				171FCC10275F2D49000B653D /* Montserrat-ExtraLightItalic.otf */,
				171FCC1A275F2D4A000B653D /* Montserrat-Italic.otf */,
				171FCC19275F2D4A000B653D /* Montserrat-Light.otf */,
				171FCC23275F2D4A000B653D /* Montserrat-LightItalic.otf */,
				171FCC2A275F2D4A000B653D /* Montserrat-Medium.otf */,
				171FCC14275F2D49000B653D /* Montserrat-MediumItalic.otf */,
				171FCC18275F2D4A000B653D /* Montserrat-Regular.otf */,
				171FCC2B275F2D4A000B653D /* Montserrat-SemiBold.otf */,
				171FCC16275F2D4A000B653D /* Montserrat-SemiBoldItalic.otf */,
				171FCC27275F2D4A000B653D /* Montserrat-Thin.otf */,
				171FCC1B275F2D4A000B653D /* Montserrat-ThinItalic.otf */,
				171FCC2F275F2D4A000B653D /* MontserratAlternates-Black.otf */,
				171FCC0F275F2D49000B653D /* MontserratAlternates-BlackItalic.otf */,
				171FCC24275F2D4A000B653D /* MontserratAlternates-Bold.otf */,
				171FCC30275F2D4A000B653D /* MontserratAlternates-BoldItalic.otf */,
				171FCC0E275F2D49000B653D /* MontserratAlternates-ExtraBold.otf */,
				171FCC21275F2D4A000B653D /* MontserratAlternates-ExtraBoldItalic.otf */,
				171FCC12275F2D49000B653D /* MontserratAlternates-ExtraLight.otf */,
				171FCC0D275F2D49000B653D /* MontserratAlternates-ExtraLightItalic.otf */,
				171FCC26275F2D4A000B653D /* MontserratAlternates-Italic.otf */,
				171FCC2D275F2D4A000B653D /* MontserratAlternates-Light.otf */,
				171FCC11275F2D49000B653D /* MontserratAlternates-LightItalic.otf */,
				171FCC29275F2D4A000B653D /* MontserratAlternates-Medium.otf */,
				171FCC1F275F2D4A000B653D /* MontserratAlternates-MediumItalic.otf */,
				171FCC28275F2D4A000B653D /* MontserratAlternates-Regular.otf */,
				171FCC25275F2D4A000B653D /* MontserratAlternates-SemiBold.otf */,
				171FCC15275F2D4A000B653D /* MontserratAlternates-SemiBoldItalic.otf */,
				171FCC2E275F2D4A000B653D /* MontserratAlternates-Thin.otf */,
				171FCC2C275F2D4A000B653D /* MontserratAlternates-ThinItalic.otf */,
			);
			path = Fonts;
			sourceTree = "<group>";
		};
		17769C7227608C2500F472EF /* Offers */ = {
			isa = PBXGroup;
			children = (
				17769C7327608C3900F472EF /* Offers.storyboard */,
			);
			path = Offers;
			sourceTree = "<group>";
		};
		178E5B6B2758ACBC00AB6C16 = {
			isa = PBXGroup;
			children = (
				178E5B762758ACBC00AB6C16 /* Hi5 */,
				178E5B8D2758ACBD00AB6C16 /* Hi5Tests */,
				178E5B972758ACBD00AB6C16 /* Hi5UITests */,
				178E5B752758ACBC00AB6C16 /* Products */,
			);
			sourceTree = "<group>";
		};
		178E5B752758ACBC00AB6C16 /* Products */ = {
			isa = PBXGroup;
			children = (
				178E5B742758ACBC00AB6C16 /* Hi5.app */,
				178E5B8A2758ACBD00AB6C16 /* Hi5Tests.xctest */,
				178E5B942758ACBD00AB6C16 /* Hi5UITests.xctest */,
			);
			name = Products;
			sourceTree = "<group>";
		};
		178E5B762758ACBC00AB6C16 /* Hi5 */ = {
			isa = PBXGroup;
			children = (
				178E5B772758ACBC00AB6C16 /* AppDelegate.swift */,
				178E5B792758ACBC00AB6C16 /* SceneDelegate.swift */,
				178E5B7B2758ACBC00AB6C16 /* ViewController.swift */,
				178E5B7D2758ACBC00AB6C16 /* Main.storyboard */,
				171FCC09275F2B4C000B653D /* Constants.swift */,
				29BC2D24275FBCD700CF013E /* Extensions */,
				29BC2D1F275FB97300CF013E /* Cells */,
				171FCC0B275F2D2A000B653D /* Fonts */,
				171FCBFC275F27BF000B653D /* Home */,
				178E5BA9275908ED00AB6C16 /* signIn */,
				178E5BAA2759090400AB6C16 /* OTP */,
				17769C7227608C2500F472EF /* Offers */,
				178E5BAD2759104B00AB6C16 /* Profile */,
				178E5B802758ACBD00AB6C16 /* Assets.xcassets */,
				178E5B822758ACBD00AB6C16 /* LaunchScreen.storyboard */,
				178E5B852758ACBD00AB6C16 /* Info.plist */,
			);
			path = Hi5;
			sourceTree = "<group>";
		};
		178E5B8D2758ACBD00AB6C16 /* Hi5Tests */ = {
			isa = PBXGroup;
			children = (
				178E5B8E2758ACBD00AB6C16 /* Hi5Tests.swift */,
			);
			path = Hi5Tests;
			sourceTree = "<group>";
		};
		178E5B972758ACBD00AB6C16 /* Hi5UITests */ = {
			isa = PBXGroup;
			children = (
				178E5B982758ACBD00AB6C16 /* Hi5UITests.swift */,
				178E5B9A2758ACBD00AB6C16 /* Hi5UITestsLaunchTests.swift */,
			);
			path = Hi5UITests;
			sourceTree = "<group>";
		};
		178E5BA9275908ED00AB6C16 /* signIn */ = {
			isa = PBXGroup;
			children = (
				178E5BA72758B17400AB6C16 /* signIn.storyboard */,
				FECBBEC1275948C700E4AB54 /* signInViewController.swift */,
			);
			path = signIn;
			sourceTree = "<group>";
		};
		178E5BAA2759090400AB6C16 /* OTP */ = {
			isa = PBXGroup;
			children = (
				178E5BAB2759093700AB6C16 /* OTP.storyboard */,
			);
			path = OTP;
			sourceTree = "<group>";
		};
		178E5BAD2759104B00AB6C16 /* Profile */ = {
			isa = PBXGroup;
			children = (
				178E5BAE2759106900AB6C16 /* Profile.storyboard */,
				FECBBEC327594C6A00E4AB54 /* ProfileViewController.swift */,
			);
			path = Profile;
			sourceTree = "<group>";
		};
		29BC2D1F275FB97300CF013E /* Cells */ = {
			isa = PBXGroup;
			children = (
				29BC2D20275FB9C100CF013E /* DealsCVCell.swift */,
				29BC2D21275FB9C100CF013E /* DealsCVCell.xib */,
				29BC2D29275FC37C00CF013E /* DealsTVCell.swift */,
				29BC2D2A275FC37C00CF013E /* DealsTVCell.xib */,
				29BC2D2F275FE48500CF013E /* RewardsTVCell.swift */,
				29BC2D30275FE48500CF013E /* RewardsTVCell.xib */,
				29BC2D33275FE9E000CF013E /* RedeemPointTVCell.swift */,
				29BC2D34275FE9E000CF013E /* RedeemPointTVCell.xib */,
				298F165327611ADB009272EB /* WalletTVCell.swift */,
				298F165427611ADB009272EB /* WalletTVCell.xib */,
			);
			path = Cells;
			sourceTree = "<group>";
		};
		29BC2D24275FBCD700CF013E /* Extensions */ = {
			isa = PBXGroup;
			children = (
				29BC2D25275FBCE700CF013E /* UITableView_EXT.swift */,
				29BC2D27275FBCEF00CF013E /* NibLoadable.swift */,
				29BC2D2D275FC8C200CF013E /* UIView+Ext.swift */,
			);
			path = Extensions;
			sourceTree = "<group>";
		};
/* End PBXGroup section */

/* Begin PBXNativeTarget section */
		178E5B732758ACBC00AB6C16 /* Hi5 */ = {
			isa = PBXNativeTarget;
			buildConfigurationList = 178E5B9E2758ACBD00AB6C16 /* Build configuration list for PBXNativeTarget "Hi5" */;
			buildPhases = (
				178E5B702758ACBC00AB6C16 /* Sources */,
				178E5B712758ACBC00AB6C16 /* Frameworks */,
				178E5B722758ACBC00AB6C16 /* Resources */,
			);
			buildRules = (
			);
			dependencies = (
			);
			name = Hi5;
			productName = Hi5;
			productReference = 178E5B742758ACBC00AB6C16 /* Hi5.app */;
			productType = "com.apple.product-type.application";
		};
		178E5B892758ACBD00AB6C16 /* Hi5Tests */ = {
			isa = PBXNativeTarget;
			buildConfigurationList = 178E5BA12758ACBD00AB6C16 /* Build configuration list for PBXNativeTarget "Hi5Tests" */;
			buildPhases = (
				178E5B862758ACBD00AB6C16 /* Sources */,
				178E5B872758ACBD00AB6C16 /* Frameworks */,
				178E5B882758ACBD00AB6C16 /* Resources */,
			);
			buildRules = (
			);
			dependencies = (
				178E5B8C2758ACBD00AB6C16 /* PBXTargetDependency */,
			);
			name = Hi5Tests;
			productName = Hi5Tests;
			productReference = 178E5B8A2758ACBD00AB6C16 /* Hi5Tests.xctest */;
			productType = "com.apple.product-type.bundle.unit-test";
		};
		178E5B932758ACBD00AB6C16 /* Hi5UITests */ = {
			isa = PBXNativeTarget;
			buildConfigurationList = 178E5BA42758ACBD00AB6C16 /* Build configuration list for PBXNativeTarget "Hi5UITests" */;
			buildPhases = (
				178E5B902758ACBD00AB6C16 /* Sources */,
				178E5B912758ACBD00AB6C16 /* Frameworks */,
				178E5B922758ACBD00AB6C16 /* Resources */,
			);
			buildRules = (
			);
			dependencies = (
				178E5B962758ACBD00AB6C16 /* PBXTargetDependency */,
			);
			name = Hi5UITests;
			productName = Hi5UITests;
			productReference = 178E5B942758ACBD00AB6C16 /* Hi5UITests.xctest */;
			productType = "com.apple.product-type.bundle.ui-testing";
		};
/* End PBXNativeTarget section */

/* Begin PBXProject section */
		178E5B6C2758ACBC00AB6C16 /* Project object */ = {
			isa = PBXProject;
			attributes = {
				BuildIndependentTargetsInParallel = 1;
				LastSwiftUpdateCheck = 1310;
				LastUpgradeCheck = 1310;
				TargetAttributes = {
					178E5B732758ACBC00AB6C16 = {
						CreatedOnToolsVersion = 13.1;
					};
					178E5B892758ACBD00AB6C16 = {
						CreatedOnToolsVersion = 13.1;
						TestTargetID = 178E5B732758ACBC00AB6C16;
					};
					178E5B932758ACBD00AB6C16 = {
						CreatedOnToolsVersion = 13.1;
						TestTargetID = 178E5B732758ACBC00AB6C16;
					};
				};
			};
			buildConfigurationList = 178E5B6F2758ACBC00AB6C16 /* Build configuration list for PBXProject "Hi5" */;
			compatibilityVersion = "Xcode 13.0";
			developmentRegion = en;
			hasScannedForEncodings = 0;
			knownRegions = (
				en,
				Base,
			);
			mainGroup = 178E5B6B2758ACBC00AB6C16;
			productRefGroup = 178E5B752758ACBC00AB6C16 /* Products */;
			projectDirPath = "";
			projectRoot = "";
			targets = (
				178E5B732758ACBC00AB6C16 /* Hi5 */,
				178E5B892758ACBD00AB6C16 /* Hi5Tests */,
				178E5B932758ACBD00AB6C16 /* Hi5UITests */,
			);
		};
/* End PBXProject section */

/* Begin PBXResourcesBuildPhase section */
		178E5B722758ACBC00AB6C16 /* Resources */ = {
			isa = PBXResourcesBuildPhase;
			buildActionMask = 2147483647;
			files = (
				171FCC3D275F2D4A000B653D /* Montserrat-Regular.otf in Resources */,
				171FCC3C275F2D4A000B653D /* Montserrat-ExtraBold.otf in Resources */,
				171FCC4A275F2D4A000B653D /* MontserratAlternates-SemiBold.otf in Resources */,
				171FCC4D275F2D4A000B653D /* MontserratAlternates-Regular.otf in Resources */,
				171FCC45275F2D4A000B653D /* Montserrat-ExtraBoldItalic.otf in Resources */,
				171FCC4B275F2D4A000B653D /* MontserratAlternates-Italic.otf in Resources */,
				171FCC37275F2D4A000B653D /* MontserratAlternates-ExtraLight.otf in Resources */,
				178E5BA82758B17400AB6C16 /* signIn.storyboard in Resources */,
				17769C7427608C3900F472EF /* Offers.storyboard in Resources */,
				171FCC46275F2D4A000B653D /* MontserratAlternates-ExtraBoldItalic.otf in Resources */,
				171FCC3B275F2D4A000B653D /* Montserrat-SemiBoldItalic.otf in Resources */,
				171FCC4E275F2D4A000B653D /* MontserratAlternates-Medium.otf in Resources */,
				171FCC40275F2D4A000B653D /* Montserrat-ThinItalic.otf in Resources */,
				29BC2D23275FB9C100CF013E /* DealsCVCell.xib in Resources */,
				171FCC3A275F2D4A000B653D /* MontserratAlternates-SemiBoldItalic.otf in Resources */,
				171FCC4F275F2D4A000B653D /* Montserrat-Medium.otf in Resources */,
				171FCC32275F2D4A000B653D /* MontserratAlternates-ExtraLightItalic.otf in Resources */,
				178E5B842758ACBD00AB6C16 /* LaunchScreen.storyboard in Resources */,
				298F165627611ADB009272EB /* WalletTVCell.xib in Resources */,
				171FCC53275F2D4A000B653D /* MontserratAlternates-Thin.otf in Resources */,
				29BC2D36275FE9E000CF013E /* RedeemPointTVCell.xib in Resources */,
				178E5B812758ACBD00AB6C16 /* Assets.xcassets in Resources */,
				29BC2D32275FE48500CF013E /* RewardsTVCell.xib in Resources */,
				171FCC43275F2D4A000B653D /* Montserrat-Bold.otf in Resources */,
				171FCC48275F2D4A000B653D /* Montserrat-LightItalic.otf in Resources */,
				171FCC35275F2D4A000B653D /* Montserrat-ExtraLightItalic.otf in Resources */,
				178E5B7F2758ACBC00AB6C16 /* Main.storyboard in Resources */,
				29BC2D2C275FC37C00CF013E /* DealsTVCell.xib in Resources */,
				171FCC50275F2D4A000B653D /* Montserrat-SemiBold.otf in Resources */,
				171FCC4C275F2D4A000B653D /* Montserrat-Thin.otf in Resources */,
				171FCC34275F2D4A000B653D /* MontserratAlternates-BlackItalic.otf in Resources */,
				178E5BAC2759093700AB6C16 /* OTP.storyboard in Resources */,
				171FCC44275F2D4A000B653D /* MontserratAlternates-MediumItalic.otf in Resources */,
				171FCC39275F2D4A000B653D /* Montserrat-MediumItalic.otf in Resources */,
				171FCC52275F2D4A000B653D /* MontserratAlternates-Light.otf in Resources */,
				171FCC42275F2D4A000B653D /* Montserrat-ExtraLight.otf in Resources */,
				171FCC54275F2D4A000B653D /* MontserratAlternates-Black.otf in Resources */,
				171FCC47275F2D4A000B653D /* Montserrat-BlackItalic.otf in Resources */,
				171FCC3F275F2D4A000B653D /* Montserrat-Italic.otf in Resources */,
				171FCC51275F2D4A000B653D /* MontserratAlternates-ThinItalic.otf in Resources */,
				171FCC3E275F2D4A000B653D /* Montserrat-Light.otf in Resources */,
				171FCC36275F2D4A000B653D /* MontserratAlternates-LightItalic.otf in Resources */,
				171FCC41275F2D4A000B653D /* Montserrat-BoldItalic.otf in Resources */,
				178E5BAF2759106900AB6C16 /* Profile.storyboard in Resources */,
				171FCC33275F2D4A000B653D /* MontserratAlternates-ExtraBold.otf in Resources */,
				171FCC31275F2D4A000B653D /* Montserrat-Black.otf in Resources */,
				171FCC49275F2D4A000B653D /* MontserratAlternates-Bold.otf in Resources */,
				171FCC55275F2D4A000B653D /* MontserratAlternates-BoldItalic.otf in Resources */,
			);
			runOnlyForDeploymentPostprocessing = 0;
		};
		178E5B882758ACBD00AB6C16 /* Resources */ = {
			isa = PBXResourcesBuildPhase;
			buildActionMask = 2147483647;
			files = (
			);
			runOnlyForDeploymentPostprocessing = 0;
		};
		178E5B922758ACBD00AB6C16 /* Resources */ = {
			isa = PBXResourcesBuildPhase;
			buildActionMask = 2147483647;
			files = (
			);
			runOnlyForDeploymentPostprocessing = 0;
		};
/* End PBXResourcesBuildPhase section */

/* Begin PBXSourcesBuildPhase section */
		178E5B702758ACBC00AB6C16 /* Sources */ = {
			isa = PBXSourcesBuildPhase;
			buildActionMask = 2147483647;
			files = (
				29BC2D2E275FC8C200CF013E /* UIView+Ext.swift in Sources */,
				171FCC04275F28F6000B653D /* RewardsViewController.swift in Sources */,
				29BC2D31275FE48500CF013E /* RewardsTVCell.swift in Sources */,
				FECBBEC427594C6A00E4AB54 /* ProfileViewController.swift in Sources */,
				171FCC02275F28DD000B653D /* OffersViewController.swift in Sources */,
				29BC2D28275FBCEF00CF013E /* NibLoadable.swift in Sources */,
				171FCC00275F28C9000B653D /* DashboardViewController.swift in Sources */,
				171FCC08275F2AA8000B653D /* WalletViewController.swift in Sources */,
				178E5B7C2758ACBC00AB6C16 /* ViewController.swift in Sources */,
				178E5B782758ACBC00AB6C16 /* AppDelegate.swift in Sources */,
				FECBBEC2275948C700E4AB54 /* signInViewController.swift in Sources */,
				178E5B7A2758ACBC00AB6C16 /* SceneDelegate.swift in Sources */,
				29BC2D26275FBCE700CF013E /* UITableView_EXT.swift in Sources */,
				171FCBFE275F27F8000B653D /* HomeTabViewController.swift in Sources */,
				171FCC06275F2925000B653D /* DiscoverViewController.swift in Sources */,
				29D05D0E2760523000AC211B /* ReedemPointVC.swift in Sources */,
				29BC2D22275FB9C100CF013E /* DealsCVCell.swift in Sources */,
				29D05D10276056D600AC211B /* FavouriteVC.swift in Sources */,
				171FCC0A275F2B4C000B653D /* Constants.swift in Sources */,
				29BC2D35275FE9E000CF013E /* RedeemPointTVCell.swift in Sources */,
				298F165527611ADB009272EB /* WalletTVCell.swift in Sources */,
				29BC2D2B275FC37C00CF013E /* DealsTVCell.swift in Sources */,
			);
			runOnlyForDeploymentPostprocessing = 0;
		};
		178E5B862758ACBD00AB6C16 /* Sources */ = {
			isa = PBXSourcesBuildPhase;
			buildActionMask = 2147483647;
			files = (
				178E5B8F2758ACBD00AB6C16 /* Hi5Tests.swift in Sources */,
			);
			runOnlyForDeploymentPostprocessing = 0;
		};
		178E5B902758ACBD00AB6C16 /* Sources */ = {
			isa = PBXSourcesBuildPhase;
			buildActionMask = 2147483647;
			files = (
				178E5B992758ACBD00AB6C16 /* Hi5UITests.swift in Sources */,
				178E5B9B2758ACBD00AB6C16 /* Hi5UITestsLaunchTests.swift in Sources */,
			);
			runOnlyForDeploymentPostprocessing = 0;
		};
/* End PBXSourcesBuildPhase section */

/* Begin PBXTargetDependency section */
		178E5B8C2758ACBD00AB6C16 /* PBXTargetDependency */ = {
			isa = PBXTargetDependency;
			target = 178E5B732758ACBC00AB6C16 /* Hi5 */;
			targetProxy = 178E5B8B2758ACBD00AB6C16 /* PBXContainerItemProxy */;
		};
		178E5B962758ACBD00AB6C16 /* PBXTargetDependency */ = {
			isa = PBXTargetDependency;
			target = 178E5B732758ACBC00AB6C16 /* Hi5 */;
			targetProxy = 178E5B952758ACBD00AB6C16 /* PBXContainerItemProxy */;
		};
/* End PBXTargetDependency section */

/* Begin PBXVariantGroup section */
		178E5B7D2758ACBC00AB6C16 /* Main.storyboard */ = {
			isa = PBXVariantGroup;
			children = (
				178E5B7E2758ACBC00AB6C16 /* Base */,
			);
			name = Main.storyboard;
			sourceTree = "<group>";
		};
		178E5B822758ACBD00AB6C16 /* LaunchScreen.storyboard */ = {
			isa = PBXVariantGroup;
			children = (
				178E5B832758ACBD00AB6C16 /* Base */,
			);
			name = LaunchScreen.storyboard;
			sourceTree = "<group>";
		};
/* End PBXVariantGroup section */

/* Begin XCBuildConfiguration section */
		178E5B9C2758ACBD00AB6C16 /* Debug */ = {
			isa = XCBuildConfiguration;
			buildSettings = {
				ALWAYS_SEARCH_USER_PATHS = NO;
				CLANG_ANALYZER_NONNULL = YES;
				CLANG_ANALYZER_NUMBER_OBJECT_CONVERSION = YES_AGGRESSIVE;
				CLANG_CXX_LANGUAGE_STANDARD = "gnu++17";
				CLANG_CXX_LIBRARY = "libc++";
				CLANG_ENABLE_MODULES = YES;
				CLANG_ENABLE_OBJC_ARC = YES;
				CLANG_ENABLE_OBJC_WEAK = YES;
				CLANG_WARN_BLOCK_CAPTURE_AUTORELEASING = YES;
				CLANG_WARN_BOOL_CONVERSION = YES;
				CLANG_WARN_COMMA = YES;
				CLANG_WARN_CONSTANT_CONVERSION = YES;
				CLANG_WARN_DEPRECATED_OBJC_IMPLEMENTATIONS = YES;
				CLANG_WARN_DIRECT_OBJC_ISA_USAGE = YES_ERROR;
				CLANG_WARN_DOCUMENTATION_COMMENTS = YES;
				CLANG_WARN_EMPTY_BODY = YES;
				CLANG_WARN_ENUM_CONVERSION = YES;
				CLANG_WARN_INFINITE_RECURSION = YES;
				CLANG_WARN_INT_CONVERSION = YES;
				CLANG_WARN_NON_LITERAL_NULL_CONVERSION = YES;
				CLANG_WARN_OBJC_IMPLICIT_RETAIN_SELF = YES;
				CLANG_WARN_OBJC_LITERAL_CONVERSION = YES;
				CLANG_WARN_OBJC_ROOT_CLASS = YES_ERROR;
				CLANG_WARN_QUOTED_INCLUDE_IN_FRAMEWORK_HEADER = YES;
				CLANG_WARN_RANGE_LOOP_ANALYSIS = YES;
				CLANG_WARN_STRICT_PROTOTYPES = YES;
				CLANG_WARN_SUSPICIOUS_MOVE = YES;
				CLANG_WARN_UNGUARDED_AVAILABILITY = YES_AGGRESSIVE;
				CLANG_WARN_UNREACHABLE_CODE = YES;
				CLANG_WARN__DUPLICATE_METHOD_MATCH = YES;
				COPY_PHASE_STRIP = NO;
				DEBUG_INFORMATION_FORMAT = dwarf;
				ENABLE_STRICT_OBJC_MSGSEND = YES;
				ENABLE_TESTABILITY = YES;
				GCC_C_LANGUAGE_STANDARD = gnu11;
				GCC_DYNAMIC_NO_PIC = NO;
				GCC_NO_COMMON_BLOCKS = YES;
				GCC_OPTIMIZATION_LEVEL = 0;
				GCC_PREPROCESSOR_DEFINITIONS = (
					"DEBUG=1",
					"$(inherited)",
				);
				GCC_WARN_64_TO_32_BIT_CONVERSION = YES;
				GCC_WARN_ABOUT_RETURN_TYPE = YES_ERROR;
				GCC_WARN_UNDECLARED_SELECTOR = YES;
				GCC_WARN_UNINITIALIZED_AUTOS = YES_AGGRESSIVE;
				GCC_WARN_UNUSED_FUNCTION = YES;
				GCC_WARN_UNUSED_VARIABLE = YES;
				IPHONEOS_DEPLOYMENT_TARGET = 15.0;
				MTL_ENABLE_DEBUG_INFO = INCLUDE_SOURCE;
				MTL_FAST_MATH = YES;
				ONLY_ACTIVE_ARCH = YES;
				SDKROOT = iphoneos;
				SWIFT_ACTIVE_COMPILATION_CONDITIONS = DEBUG;
				SWIFT_OPTIMIZATION_LEVEL = "-Onone";
			};
			name = Debug;
		};
		178E5B9D2758ACBD00AB6C16 /* Release */ = {
			isa = XCBuildConfiguration;
			buildSettings = {
				ALWAYS_SEARCH_USER_PATHS = NO;
				CLANG_ANALYZER_NONNULL = YES;
				CLANG_ANALYZER_NUMBER_OBJECT_CONVERSION = YES_AGGRESSIVE;
				CLANG_CXX_LANGUAGE_STANDARD = "gnu++17";
				CLANG_CXX_LIBRARY = "libc++";
				CLANG_ENABLE_MODULES = YES;
				CLANG_ENABLE_OBJC_ARC = YES;
				CLANG_ENABLE_OBJC_WEAK = YES;
				CLANG_WARN_BLOCK_CAPTURE_AUTORELEASING = YES;
				CLANG_WARN_BOOL_CONVERSION = YES;
				CLANG_WARN_COMMA = YES;
				CLANG_WARN_CONSTANT_CONVERSION = YES;
				CLANG_WARN_DEPRECATED_OBJC_IMPLEMENTATIONS = YES;
				CLANG_WARN_DIRECT_OBJC_ISA_USAGE = YES_ERROR;
				CLANG_WARN_DOCUMENTATION_COMMENTS = YES;
				CLANG_WARN_EMPTY_BODY = YES;
				CLANG_WARN_ENUM_CONVERSION = YES;
				CLANG_WARN_INFINITE_RECURSION = YES;
				CLANG_WARN_INT_CONVERSION = YES;
				CLANG_WARN_NON_LITERAL_NULL_CONVERSION = YES;
				CLANG_WARN_OBJC_IMPLICIT_RETAIN_SELF = YES;
				CLANG_WARN_OBJC_LITERAL_CONVERSION = YES;
				CLANG_WARN_OBJC_ROOT_CLASS = YES_ERROR;
				CLANG_WARN_QUOTED_INCLUDE_IN_FRAMEWORK_HEADER = YES;
				CLANG_WARN_RANGE_LOOP_ANALYSIS = YES;
				CLANG_WARN_STRICT_PROTOTYPES = YES;
				CLANG_WARN_SUSPICIOUS_MOVE = YES;
				CLANG_WARN_UNGUARDED_AVAILABILITY = YES_AGGRESSIVE;
				CLANG_WARN_UNREACHABLE_CODE = YES;
				CLANG_WARN__DUPLICATE_METHOD_MATCH = YES;
				COPY_PHASE_STRIP = NO;
				DEBUG_INFORMATION_FORMAT = "dwarf-with-dsym";
				ENABLE_NS_ASSERTIONS = NO;
				ENABLE_STRICT_OBJC_MSGSEND = YES;
				GCC_C_LANGUAGE_STANDARD = gnu11;
				GCC_NO_COMMON_BLOCKS = YES;
				GCC_WARN_64_TO_32_BIT_CONVERSION = YES;
				GCC_WARN_ABOUT_RETURN_TYPE = YES_ERROR;
				GCC_WARN_UNDECLARED_SELECTOR = YES;
				GCC_WARN_UNINITIALIZED_AUTOS = YES_AGGRESSIVE;
				GCC_WARN_UNUSED_FUNCTION = YES;
				GCC_WARN_UNUSED_VARIABLE = YES;
				IPHONEOS_DEPLOYMENT_TARGET = 15.0;
				MTL_ENABLE_DEBUG_INFO = NO;
				MTL_FAST_MATH = YES;
				SDKROOT = iphoneos;
				SWIFT_COMPILATION_MODE = wholemodule;
				SWIFT_OPTIMIZATION_LEVEL = "-O";
				VALIDATE_PRODUCT = YES;
			};
			name = Release;
		};
		178E5B9F2758ACBD00AB6C16 /* Debug */ = {
			isa = XCBuildConfiguration;
			buildSettings = {
				ASSETCATALOG_COMPILER_APPICON_NAME = AppIcon;
				ASSETCATALOG_COMPILER_GLOBAL_ACCENT_COLOR_NAME = AccentColor;
				CODE_SIGN_STYLE = Automatic;
				CURRENT_PROJECT_VERSION = 1;
				DEVELOPMENT_TEAM = G6QXUNPUTX;
				GENERATE_INFOPLIST_FILE = YES;
				INFOPLIST_FILE = Hi5/Info.plist;
				INFOPLIST_KEY_UIApplicationSupportsIndirectInputEvents = YES;
				INFOPLIST_KEY_UILaunchStoryboardName = LaunchScreen;
				INFOPLIST_KEY_UIMainStoryboardFile = Main;
				INFOPLIST_KEY_UISupportedInterfaceOrientations_iPad = "UIInterfaceOrientationPortrait UIInterfaceOrientationPortraitUpsideDown UIInterfaceOrientationLandscapeLeft UIInterfaceOrientationLandscapeRight";
				INFOPLIST_KEY_UISupportedInterfaceOrientations_iPhone = "UIInterfaceOrientationPortrait UIInterfaceOrientationLandscapeLeft UIInterfaceOrientationLandscapeRight";
				LD_RUNPATH_SEARCH_PATHS = (
					"$(inherited)",
					"@executable_path/Frameworks",
				);
				MARKETING_VERSION = 1.0;
				PRODUCT_BUNDLE_IDENTIFIER = com.rudr.Hi5;
				PRODUCT_NAME = "$(TARGET_NAME)";
				SWIFT_EMIT_LOC_STRINGS = YES;
				SWIFT_VERSION = 5.0;
				TARGETED_DEVICE_FAMILY = "1,2";
			};
			name = Debug;
		};
		178E5BA02758ACBD00AB6C16 /* Release */ = {
			isa = XCBuildConfiguration;
			buildSettings = {
				ASSETCATALOG_COMPILER_APPICON_NAME = AppIcon;
				ASSETCATALOG_COMPILER_GLOBAL_ACCENT_COLOR_NAME = AccentColor;
				CODE_SIGN_STYLE = Automatic;
				CURRENT_PROJECT_VERSION = 1;
				DEVELOPMENT_TEAM = G6QXUNPUTX;
				GENERATE_INFOPLIST_FILE = YES;
				INFOPLIST_FILE = Hi5/Info.plist;
				INFOPLIST_KEY_UIApplicationSupportsIndirectInputEvents = YES;
				INFOPLIST_KEY_UILaunchStoryboardName = LaunchScreen;
				INFOPLIST_KEY_UIMainStoryboardFile = Main;
				INFOPLIST_KEY_UISupportedInterfaceOrientations_iPad = "UIInterfaceOrientationPortrait UIInterfaceOrientationPortraitUpsideDown UIInterfaceOrientationLandscapeLeft UIInterfaceOrientationLandscapeRight";
				INFOPLIST_KEY_UISupportedInterfaceOrientations_iPhone = "UIInterfaceOrientationPortrait UIInterfaceOrientationLandscapeLeft UIInterfaceOrientationLandscapeRight";
				LD_RUNPATH_SEARCH_PATHS = (
					"$(inherited)",
					"@executable_path/Frameworks",
				);
				MARKETING_VERSION = 1.0;
				PRODUCT_BUNDLE_IDENTIFIER = com.rudr.Hi5;
				PRODUCT_NAME = "$(TARGET_NAME)";
				SWIFT_EMIT_LOC_STRINGS = YES;
				SWIFT_VERSION = 5.0;
				TARGETED_DEVICE_FAMILY = "1,2";
			};
			name = Release;
		};
		178E5BA22758ACBD00AB6C16 /* Debug */ = {
			isa = XCBuildConfiguration;
			buildSettings = {
				ALWAYS_EMBED_SWIFT_STANDARD_LIBRARIES = YES;
				BUNDLE_LOADER = "$(TEST_HOST)";
				CODE_SIGN_STYLE = Automatic;
				CURRENT_PROJECT_VERSION = 1;
				DEVELOPMENT_TEAM = G6QXUNPUTX;
				GENERATE_INFOPLIST_FILE = YES;
				IPHONEOS_DEPLOYMENT_TARGET = 15.0;
				LD_RUNPATH_SEARCH_PATHS = (
					"$(inherited)",
					"@executable_path/Frameworks",
					"@loader_path/Frameworks",
				);
				MARKETING_VERSION = 1.0;
				PRODUCT_BUNDLE_IDENTIFIER = com.rudr.Hi5Tests;
				PRODUCT_NAME = "$(TARGET_NAME)";
				SWIFT_EMIT_LOC_STRINGS = NO;
				SWIFT_VERSION = 5.0;
				TARGETED_DEVICE_FAMILY = "1,2";
				TEST_HOST = "$(BUILT_PRODUCTS_DIR)/Hi5.app/Hi5";
			};
			name = Debug;
		};
		178E5BA32758ACBD00AB6C16 /* Release */ = {
			isa = XCBuildConfiguration;
			buildSettings = {
				ALWAYS_EMBED_SWIFT_STANDARD_LIBRARIES = YES;
				BUNDLE_LOADER = "$(TEST_HOST)";
				CODE_SIGN_STYLE = Automatic;
				CURRENT_PROJECT_VERSION = 1;
				DEVELOPMENT_TEAM = G6QXUNPUTX;
				GENERATE_INFOPLIST_FILE = YES;
				IPHONEOS_DEPLOYMENT_TARGET = 15.0;
				LD_RUNPATH_SEARCH_PATHS = (
					"$(inherited)",
					"@executable_path/Frameworks",
					"@loader_path/Frameworks",
				);
				MARKETING_VERSION = 1.0;
				PRODUCT_BUNDLE_IDENTIFIER = com.rudr.Hi5Tests;
				PRODUCT_NAME = "$(TARGET_NAME)";
				SWIFT_EMIT_LOC_STRINGS = NO;
				SWIFT_VERSION = 5.0;
				TARGETED_DEVICE_FAMILY = "1,2";
				TEST_HOST = "$(BUILT_PRODUCTS_DIR)/Hi5.app/Hi5";
			};
			name = Release;
		};
		178E5BA52758ACBD00AB6C16 /* Debug */ = {
			isa = XCBuildConfiguration;
			buildSettings = {
				ALWAYS_EMBED_SWIFT_STANDARD_LIBRARIES = YES;
				CODE_SIGN_STYLE = Automatic;
				CURRENT_PROJECT_VERSION = 1;
				DEVELOPMENT_TEAM = G6QXUNPUTX;
				GENERATE_INFOPLIST_FILE = YES;
				LD_RUNPATH_SEARCH_PATHS = (
					"$(inherited)",
					"@executable_path/Frameworks",
					"@loader_path/Frameworks",
				);
				MARKETING_VERSION = 1.0;
				PRODUCT_BUNDLE_IDENTIFIER = com.rudr.Hi5UITests;
				PRODUCT_NAME = "$(TARGET_NAME)";
				SWIFT_EMIT_LOC_STRINGS = NO;
				SWIFT_VERSION = 5.0;
				TARGETED_DEVICE_FAMILY = "1,2";
				TEST_TARGET_NAME = Hi5;
			};
			name = Debug;
		};
		178E5BA62758ACBD00AB6C16 /* Release */ = {
			isa = XCBuildConfiguration;
			buildSettings = {
				ALWAYS_EMBED_SWIFT_STANDARD_LIBRARIES = YES;
				CODE_SIGN_STYLE = Automatic;
				CURRENT_PROJECT_VERSION = 1;
				DEVELOPMENT_TEAM = G6QXUNPUTX;
				GENERATE_INFOPLIST_FILE = YES;
				LD_RUNPATH_SEARCH_PATHS = (
					"$(inherited)",
					"@executable_path/Frameworks",
					"@loader_path/Frameworks",
				);
				MARKETING_VERSION = 1.0;
				PRODUCT_BUNDLE_IDENTIFIER = com.rudr.Hi5UITests;
				PRODUCT_NAME = "$(TARGET_NAME)";
				SWIFT_EMIT_LOC_STRINGS = NO;
				SWIFT_VERSION = 5.0;
				TARGETED_DEVICE_FAMILY = "1,2";
				TEST_TARGET_NAME = Hi5;
			};
			name = Release;
		};
/* End XCBuildConfiguration section */

/* Begin XCConfigurationList section */
		178E5B6F2758ACBC00AB6C16 /* Build configuration list for PBXProject "Hi5" */ = {
			isa = XCConfigurationList;
			buildConfigurations = (
				178E5B9C2758ACBD00AB6C16 /* Debug */,
				178E5B9D2758ACBD00AB6C16 /* Release */,
			);
			defaultConfigurationIsVisible = 0;
			defaultConfigurationName = Release;
		};
		178E5B9E2758ACBD00AB6C16 /* Build configuration list for PBXNativeTarget "Hi5" */ = {
			isa = XCConfigurationList;
			buildConfigurations = (
				178E5B9F2758ACBD00AB6C16 /* Debug */,
				178E5BA02758ACBD00AB6C16 /* Release */,
			);
			defaultConfigurationIsVisible = 0;
			defaultConfigurationName = Release;
		};
		178E5BA12758ACBD00AB6C16 /* Build configuration list for PBXNativeTarget "Hi5Tests" */ = {
			isa = XCConfigurationList;
			buildConfigurations = (
				178E5BA22758ACBD00AB6C16 /* Debug */,
				178E5BA32758ACBD00AB6C16 /* Release */,
			);
			defaultConfigurationIsVisible = 0;
			defaultConfigurationName = Release;
		};
		178E5BA42758ACBD00AB6C16 /* Build configuration list for PBXNativeTarget "Hi5UITests" */ = {
			isa = XCConfigurationList;
			buildConfigurations = (
				178E5BA52758ACBD00AB6C16 /* Debug */,
				178E5BA62758ACBD00AB6C16 /* Release */,
			);
			defaultConfigurationIsVisible = 0;
			defaultConfigurationName = Release;
		};
/* End XCConfigurationList section */
	};
	rootObject = 178E5B6C2758ACBC00AB6C16 /* Project object */;
}
